// !$*UTF8*$!
{
	archiveVersion = 1;
	classes = {
	};
	objectVersion = 50;
	objects = {

/* Begin PBXBuildFile section */
		5A53977625EF59780034D4C0 /* Homework5PokedexApp.swift in Sources */ = {isa = PBXBuildFile; fileRef = 5A53977525EF59780034D4C0 /* Homework5PokedexApp.swift */; };
		5A53977825EF59780034D4C0 /* ContentView.swift in Sources */ = {isa = PBXBuildFile; fileRef = 5A53977725EF59780034D4C0 /* ContentView.swift */; };
		5A53977A25EF597B0034D4C0 /* Assets.xcassets in Resources */ = {isa = PBXBuildFile; fileRef = 5A53977925EF597B0034D4C0 /* Assets.xcassets */; };
		5A53977D25EF597B0034D4C0 /* Preview Assets.xcassets in Resources */ = {isa = PBXBuildFile; fileRef = 5A53977C25EF597B0034D4C0 /* Preview Assets.xcassets */; };
		5A53978825EF597B0034D4C0 /* Homework5PokedexTests.swift in Sources */ = {isa = PBXBuildFile; fileRef = 5A53978725EF597B0034D4C0 /* Homework5PokedexTests.swift */; };
		5A53979325EF597B0034D4C0 /* Homework5PokedexUITests.swift in Sources */ = {isa = PBXBuildFile; fileRef = 5A53979225EF597B0034D4C0 /* Homework5PokedexUITests.swift */; };
/* End PBXBuildFile section */

/* Begin PBXContainerItemProxy section */
		5A53978425EF597B0034D4C0 /* PBXContainerItemProxy */ = {
			isa = PBXContainerItemProxy;
			containerPortal = 5A53976A25EF59780034D4C0 /* Project object */;
			proxyType = 1;
			remoteGlobalIDString = 5A53977125EF59780034D4C0;
			remoteInfo = Homework5Pokedex;
		};
		5A53978F25EF597B0034D4C0 /* PBXContainerItemProxy */ = {
			isa = PBXContainerItemProxy;
			containerPortal = 5A53976A25EF59780034D4C0 /* Project object */;
			proxyType = 1;
			remoteGlobalIDString = 5A53977125EF59780034D4C0;
			remoteInfo = Homework5Pokedex;
		};
/* End PBXContainerItemProxy section */

/* Begin PBXFileReference section */
		5A53977225EF59780034D4C0 /* Homework5Pokedex.app */ = {isa = PBXFileReference; explicitFileType = wrapper.application; includeInIndex = 0; path = Homework5Pokedex.app; sourceTree = BUILT_PRODUCTS_DIR; };
		5A53977525EF59780034D4C0 /* Homework5PokedexApp.swift */ = {isa = PBXFileReference; lastKnownFileType = sourcecode.swift; path = Homework5PokedexApp.swift; sourceTree = "<group>"; };
		5A53977725EF59780034D4C0 /* ContentView.swift */ = {isa = PBXFileReference; lastKnownFileType = sourcecode.swift; path = ContentView.swift; sourceTree = "<group>"; };
		5A53977925EF597B0034D4C0 /* Assets.xcassets */ = {isa = PBXFileReference; lastKnownFileType = folder.assetcatalog; path = Assets.xcassets; sourceTree = "<group>"; };
		5A53977C25EF597B0034D4C0 /* Preview Assets.xcassets */ = {isa = PBXFileReference; lastKnownFileType = folder.assetcatalog; path = "Preview Assets.xcassets"; sourceTree = "<group>"; };
		5A53977E25EF597B0034D4C0 /* Info.plist */ = {isa = PBXFileReference; lastKnownFileType = text.plist.xml; path = Info.plist; sourceTree = "<group>"; };
		5A53978325EF597B0034D4C0 /* Homework5PokedexTests.xctest */ = {isa = PBXFileReference; explicitFileType = wrapper.cfbundle; includeInIndex = 0; path = Homework5PokedexTests.xctest; sourceTree = BUILT_PRODUCTS_DIR; };
		5A53978725EF597B0034D4C0 /* Homework5PokedexTests.swift */ = {isa = PBXFileReference; lastKnownFileType = sourcecode.swift; path = Homework5PokedexTests.swift; sourceTree = "<group>"; };
		5A53978925EF597B0034D4C0 /* Info.plist */ = {isa = PBXFileReference; lastKnownFileType = text.plist.xml; path = Info.plist; sourceTree = "<group>"; };
		5A53978E25EF597B0034D4C0 /* Homework5PokedexUITests.xctest */ = {isa = PBXFileReference; explicitFileType = wrapper.cfbundle; includeInIndex = 0; path = Homework5PokedexUITests.xctest; sourceTree = BUILT_PRODUCTS_DIR; };
		5A53979225EF597B0034D4C0 /* Homework5PokedexUITests.swift */ = {isa = PBXFileReference; lastKnownFileType = sourcecode.swift; path = Homework5PokedexUITests.swift; sourceTree = "<group>"; };
		5A53979425EF597B0034D4C0 /* Info.plist */ = {isa = PBXFileReference; lastKnownFileType = text.plist.xml; path = Info.plist; sourceTree = "<group>"; };
/* End PBXFileReference section */

/* Begin PBXFrameworksBuildPhase section */
		5A53976F25EF59780034D4C0 /* Frameworks */ = {
			isa = PBXFrameworksBuildPhase;
			buildActionMask = 2147483647;
			files = (
			);
			runOnlyForDeploymentPostprocessing = 0;
		};
		5A53978025EF597B0034D4C0 /* Frameworks */ = {
			isa = PBXFrameworksBuildPhase;
			buildActionMask = 2147483647;
			files = (
			);
			runOnlyForDeploymentPostprocessing = 0;
		};
		5A53978B25EF597B0034D4C0 /* Frameworks */ = {
			isa = PBXFrameworksBuildPhase;
			buildActionMask = 2147483647;
			files = (
			);
			runOnlyForDeploymentPostprocessing = 0;
		};
/* End PBXFrameworksBuildPhase section */

/* Begin PBXGroup section */
		5A53976925EF59780034D4C0 = {
			isa = PBXGroup;
			children = (
				5A53977425EF59780034D4C0 /* Homework5Pokedex */,
				5A53978625EF597B0034D4C0 /* Homework5PokedexTests */,
				5A53979125EF597B0034D4C0 /* Homework5PokedexUITests */,
				5A53977325EF59780034D4C0 /* Products */,
			);
			sourceTree = "<group>";
		};
		5A53977325EF59780034D4C0 /* Products */ = {
			isa = PBXGroup;
			children = (
				5A53977225EF59780034D4C0 /* Homework5Pokedex.app */,
				5A53978325EF597B0034D4C0 /* Homework5PokedexTests.xctest */,
				5A53978E25EF597B0034D4C0 /* Homework5PokedexUITests.xctest */,
			);
			name = Products;
			sourceTree = "<group>";
		};
		5A53977425EF59780034D4C0 /* Homework5Pokedex */ = {
			isa = PBXGroup;
			children = (
				5A53977525EF59780034D4C0 /* Homework5PokedexApp.swift */,
				5A53977725EF59780034D4C0 /* ContentView.swift */,
				5A53977925EF597B0034D4C0 /* Assets.xcassets */,
				5A53977E25EF597B0034D4C0 /* Info.plist */,
				5A53977B25EF597B0034D4C0 /* Preview Content */,
			);
			path = Homework5Pokedex;
			sourceTree = "<group>";
		};
		5A53977B25EF597B0034D4C0 /* Preview Content */ = {
			isa = PBXGroup;
			children = (
				5A53977C25EF597B0034D4C0 /* Preview Assets.xcassets */,
			);
			path = "Preview Content";
			sourceTree = "<group>";
		};
		5A53978625EF597B0034D4C0 /* Homework5PokedexTests */ = {
			isa = PBXGroup;
			children = (
				5A53978725EF597B0034D4C0 /* Homework5PokedexTests.swift */,
				5A53978925EF597B0034D4C0 /* Info.plist */,
			);
			path = Homework5PokedexTests;
			sourceTree = "<group>";
		};
		5A53979125EF597B0034D4C0 /* Homework5PokedexUITests */ = {
			isa = PBXGroup;
			children = (
				5A53979225EF597B0034D4C0 /* Homework5PokedexUITests.swift */,
				5A53979425EF597B0034D4C0 /* Info.plist */,
			);
			path = Homework5PokedexUITests;
			sourceTree = "<group>";
		};
/* End PBXGroup section */

/* Begin PBXNativeTarget section */
		5A53977125EF59780034D4C0 /* Homework5Pokedex */ = {
			isa = PBXNativeTarget;
			buildConfigurationList = 5A53979725EF597B0034D4C0 /* Build configuration list for PBXNativeTarget "Homework5Pokedex" */;
			buildPhases = (
				5A53976E25EF59780034D4C0 /* Sources */,
				5A53976F25EF59780034D4C0 /* Frameworks */,
				5A53977025EF59780034D4C0 /* Resources */,
			);
			buildRules = (
			);
			dependencies = (
			);
			name = Homework5Pokedex;
			productName = Homework5Pokedex;
			productReference = 5A53977225EF59780034D4C0 /* Homework5Pokedex.app */;
			productType = "com.apple.product-type.application";
		};
		5A53978225EF597B0034D4C0 /* Homework5PokedexTests */ = {
			isa = PBXNativeTarget;
			buildConfigurationList = 5A53979A25EF597B0034D4C0 /* Build configuration list for PBXNativeTarget "Homework5PokedexTests" */;
			buildPhases = (
				5A53977F25EF597B0034D4C0 /* Sources */,
				5A53978025EF597B0034D4C0 /* Frameworks */,
				5A53978125EF597B0034D4C0 /* Resources */,
			);
			buildRules = (
			);
			dependencies = (
				5A53978525EF597B0034D4C0 /* PBXTargetDependency */,
			);
			name = Homework5PokedexTests;
			productName = Homework5PokedexTests;
			productReference = 5A53978325EF597B0034D4C0 /* Homework5PokedexTests.xctest */;
			productType = "com.apple.product-type.bundle.unit-test";
		};
		5A53978D25EF597B0034D4C0 /* Homework5PokedexUITests */ = {
			isa = PBXNativeTarget;
			buildConfigurationList = 5A53979D25EF597B0034D4C0 /* Build configuration list for PBXNativeTarget "Homework5PokedexUITests" */;
			buildPhases = (
				5A53978A25EF597B0034D4C0 /* Sources */,
				5A53978B25EF597B0034D4C0 /* Frameworks */,
				5A53978C25EF597B0034D4C0 /* Resources */,
			);
			buildRules = (
			);
			dependencies = (
				5A53979025EF597B0034D4C0 /* PBXTargetDependency */,
			);
			name = Homework5PokedexUITests;
			productName = Homework5PokedexUITests;
			productReference = 5A53978E25EF597B0034D4C0 /* Homework5PokedexUITests.xctest */;
			productType = "com.apple.product-type.bundle.ui-testing";
		};
/* End PBXNativeTarget section */

/* Begin PBXProject section */
		5A53976A25EF59780034D4C0 /* Project object */ = {
			isa = PBXProject;
			attributes = {
				LastSwiftUpdateCheck = 1240;
				LastUpgradeCheck = 1240;
				TargetAttributes = {
					5A53977125EF59780034D4C0 = {
						CreatedOnToolsVersion = 12.4;
					};
					5A53978225EF597B0034D4C0 = {
						CreatedOnToolsVersion = 12.4;
						TestTargetID = 5A53977125EF59780034D4C0;
					};
					5A53978D25EF597B0034D4C0 = {
						CreatedOnToolsVersion = 12.4;
						TestTargetID = 5A53977125EF59780034D4C0;
					};
				};
			};
			buildConfigurationList = 5A53976D25EF59780034D4C0 /* Build configuration list for PBXProject "Homework5Pokedex" */;
			compatibilityVersion = "Xcode 9.3";
			developmentRegion = en;
			hasScannedForEncodings = 0;
			knownRegions = (
				en,
				Base,
			);
			mainGroup = 5A53976925EF59780034D4C0;
			productRefGroup = 5A53977325EF59780034D4C0 /* Products */;
			projectDirPath = "";
			projectRoot = "";
			targets = (
				5A53977125EF59780034D4C0 /* Homework5Pokedex */,
				5A53978225EF597B0034D4C0 /* Homework5PokedexTests */,
				5A53978D25EF597B0034D4C0 /* Homework5PokedexUITests */,
			);
		};
/* End PBXProject section */

/* Begin PBXResourcesBuildPhase section */
		5A53977025EF59780034D4C0 /* Resources */ = {
			isa = PBXResourcesBuildPhase;
			buildActionMask = 2147483647;
			files = (
				5A53977D25EF597B0034D4C0 /* Preview Assets.xcassets in Resources */,
				5A53977A25EF597B0034D4C0 /* Assets.xcassets in Resources */,
			);
			runOnlyForDeploymentPostprocessing = 0;
		};
		5A53978125EF597B0034D4C0 /* Resources */ = {
			isa = PBXResourcesBuildPhase;
			buildActionMask = 2147483647;
			files = (
			);
			runOnlyForDeploymentPostprocessing = 0;
		};
		5A53978C25EF597B0034D4C0 /* Resources */ = {
			isa = PBXResourcesBuildPhase;
			buildActionMask = 2147483647;
			files = (
			);
			runOnlyForDeploymentPostprocessing = 0;
		};
/* End PBXResourcesBuildPhase section */

/* Begin PBXSourcesBuildPhase section */
		5A53976E25EF59780034D4C0 /* Sources */ = {
			isa = PBXSourcesBuildPhase;
			buildActionMask = 2147483647;
			files = (
				5A53977825EF59780034D4C0 /* ContentView.swift in Sources */,
				5A53977625EF59780034D4C0 /* Homework5PokedexApp.swift in Sources */,
			);
			runOnlyForDeploymentPostprocessing = 0;
		};
		5A53977F25EF597B0034D4C0 /* Sources */ = {
			isa = PBXSourcesBuildPhase;
			buildActionMask = 2147483647;
			files = (
				5A53978825EF597B0034D4C0 /* Homework5PokedexTests.swift in Sources */,
			);
			runOnlyForDeploymentPostprocessing = 0;
		};
		5A53978A25EF597B0034D4C0 /* Sources */ = {
			isa = PBXSourcesBuildPhase;
			buildActionMask = 2147483647;
			files = (
				5A53979325EF597B0034D4C0 /* Homework5PokedexUITests.swift in Sources */,
			);
			runOnlyForDeploymentPostprocessing = 0;
		};
/* End PBXSourcesBuildPhase section */

/* Begin PBXTargetDependency section */
		5A53978525EF597B0034D4C0 /* PBXTargetDependency */ = {
			isa = PBXTargetDependency;
			target = 5A53977125EF59780034D4C0 /* Homework5Pokedex */;
			targetProxy = 5A53978425EF597B0034D4C0 /* PBXContainerItemProxy */;
		};
		5A53979025EF597B0034D4C0 /* PBXTargetDependency */ = {
			isa = PBXTargetDependency;
			target = 5A53977125EF59780034D4C0 /* Homework5Pokedex */;
			targetProxy = 5A53978F25EF597B0034D4C0 /* PBXContainerItemProxy */;
		};
/* End PBXTargetDependency section */

/* Begin XCBuildConfiguration section */
		5A53979525EF597B0034D4C0 /* Debug */ = {
			isa = XCBuildConfiguration;
			buildSettings = {
				ALWAYS_SEARCH_USER_PATHS = NO;
				CLANG_ANALYZER_NONNULL = YES;
				CLANG_ANALYZER_NUMBER_OBJECT_CONVERSION = YES_AGGRESSIVE;
				CLANG_CXX_LANGUAGE_STANDARD = "gnu++14";
				CLANG_CXX_LIBRARY = "libc++";
				CLANG_ENABLE_MODULES = YES;
				CLANG_ENABLE_OBJC_ARC = YES;
				CLANG_ENABLE_OBJC_WEAK = YES;
				CLANG_WARN_BLOCK_CAPTURE_AUTORELEASING = YES;
				CLANG_WARN_BOOL_CONVERSION = YES;
				CLANG_WARN_COMMA = YES;
				CLANG_WARN_CONSTANT_CONVERSION = YES;
				CLANG_WARN_DEPRECATED_OBJC_IMPLEMENTATIONS = YES;
				CLANG_WARN_DIRECT_OBJC_ISA_USAGE = YES_ERROR;
				CLANG_WARN_DOCUMENTATION_COMMENTS = YES;
				CLANG_WARN_EMPTY_BODY = YES;
				CLANG_WARN_ENUM_CONVERSION = YES;
				CLANG_WARN_INFINITE_RECURSION = YES;
				CLANG_WARN_INT_CONVERSION = YES;
				CLANG_WARN_NON_LITERAL_NULL_CONVERSION = YES;
				CLANG_WARN_OBJC_IMPLICIT_RETAIN_SELF = YES;
				CLANG_WARN_OBJC_LITERAL_CONVERSION = YES;
				CLANG_WARN_OBJC_ROOT_CLASS = YES_ERROR;
				CLANG_WARN_QUOTED_INCLUDE_IN_FRAMEWORK_HEADER = YES;
				CLANG_WARN_RANGE_LOOP_ANALYSIS = YES;
				CLANG_WARN_STRICT_PROTOTYPES = YES;
				CLANG_WARN_SUSPICIOUS_MOVE = YES;
				CLANG_WARN_UNGUARDED_AVAILABILITY = YES_AGGRESSIVE;
				CLANG_WARN_UNREACHABLE_CODE = YES;
				CLANG_WARN__DUPLICATE_METHOD_MATCH = YES;
				COPY_PHASE_STRIP = NO;
				DEBUG_INFORMATION_FORMAT = dwarf;
				ENABLE_STRICT_OBJC_MSGSEND = YES;
				ENABLE_TESTABILITY = YES;
				GCC_C_LANGUAGE_STANDARD = gnu11;
				GCC_DYNAMIC_NO_PIC = NO;
				GCC_NO_COMMON_BLOCKS = YES;
				GCC_OPTIMIZATION_LEVEL = 0;
				GCC_PREPROCESSOR_DEFINITIONS = (
					"DEBUG=1",
					"$(inherited)",
				);
				GCC_WARN_64_TO_32_BIT_CONVERSION = YES;
				GCC_WARN_ABOUT_RETURN_TYPE = YES_ERROR;
				GCC_WARN_UNDECLARED_SELECTOR = YES;
				GCC_WARN_UNINITIALIZED_AUTOS = YES_AGGRESSIVE;
				GCC_WARN_UNUSED_FUNCTION = YES;
				GCC_WARN_UNUSED_VARIABLE = YES;
				IPHONEOS_DEPLOYMENT_TARGET = 14.4;
				MTL_ENABLE_DEBUG_INFO = INCLUDE_SOURCE;
				MTL_FAST_MATH = YES;
				ONLY_ACTIVE_ARCH = YES;
				SDKROOT = iphoneos;
				SWIFT_ACTIVE_COMPILATION_CONDITIONS = DEBUG;
				SWIFT_OPTIMIZATION_LEVEL = "-Onone";
			};
			name = Debug;
		};
		5A53979625EF597B0034D4C0 /* Release */ = {
			isa = XCBuildConfiguration;
			buildSettings = {
				ALWAYS_SEARCH_USER_PATHS = NO;
				CLANG_ANALYZER_NONNULL = YES;
				CLANG_ANALYZER_NUMBER_OBJECT_CONVERSION = YES_AGGRESSIVE;
				CLANG_CXX_LANGUAGE_STANDARD = "gnu++14";
				CLANG_CXX_LIBRARY = "libc++";
				CLANG_ENABLE_MODULES = YES;
				CLANG_ENABLE_OBJC_ARC = YES;
				CLANG_ENABLE_OBJC_WEAK = YES;
				CLANG_WARN_BLOCK_CAPTURE_AUTORELEASING = YES;
				CLANG_WARN_BOOL_CONVERSION = YES;
				CLANG_WARN_COMMA = YES;
				CLANG_WARN_CONSTANT_CONVERSION = YES;
				CLANG_WARN_DEPRECATED_OBJC_IMPLEMENTATIONS = YES;
				CLANG_WARN_DIRECT_OBJC_ISA_USAGE = YES_ERROR;
				CLANG_WARN_DOCUMENTATION_COMMENTS = YES;
				CLANG_WARN_EMPTY_BODY = YES;
				CLANG_WARN_ENUM_CONVERSION = YES;
				CLANG_WARN_INFINITE_RECURSION = YES;
				CLANG_WARN_INT_CONVERSION = YES;
				CLANG_WARN_NON_LITERAL_NULL_CONVERSION = YES;
				CLANG_WARN_OBJC_IMPLICIT_RETAIN_SELF = YES;
				CLANG_WARN_OBJC_LITERAL_CONVERSION = YES;
				CLANG_WARN_OBJC_ROOT_CLASS = YES_ERROR;
				CLANG_WARN_QUOTED_INCLUDE_IN_FRAMEWORK_HEADER = YES;
				CLANG_WARN_RANGE_LOOP_ANALYSIS = YES;
				CLANG_WARN_STRICT_PROTOTYPES = YES;
				CLANG_WARN_SUSPICIOUS_MOVE = YES;
				CLANG_WARN_UNGUARDED_AVAILABILITY = YES_AGGRESSIVE;
				CLANG_WARN_UNREACHABLE_CODE = YES;
				CLANG_WARN__DUPLICATE_METHOD_MATCH = YES;
				COPY_PHASE_STRIP = NO;
				DEBUG_INFORMATION_FORMAT = "dwarf-with-dsym";
				ENABLE_NS_ASSERTIONS = NO;
				ENABLE_STRICT_OBJC_MSGSEND = YES;
				GCC_C_LANGUAGE_STANDARD = gnu11;
				GCC_NO_COMMON_BLOCKS = YES;
				GCC_WARN_64_TO_32_BIT_CONVERSION = YES;
				GCC_WARN_ABOUT_RETURN_TYPE = YES_ERROR;
				GCC_WARN_UNDECLARED_SELECTOR = YES;
				GCC_WARN_UNINITIALIZED_AUTOS = YES_AGGRESSIVE;
				GCC_WARN_UNUSED_FUNCTION = YES;
				GCC_WARN_UNUSED_VARIABLE = YES;
				IPHONEOS_DEPLOYMENT_TARGET = 14.4;
				MTL_ENABLE_DEBUG_INFO = NO;
				MTL_FAST_MATH = YES;
				SDKROOT = iphoneos;
				SWIFT_COMPILATION_MODE = wholemodule;
				SWIFT_OPTIMIZATION_LEVEL = "-O";
				VALIDATE_PRODUCT = YES;
			};
			name = Release;
		};
		5A53979825EF597B0034D4C0 /* Debug */ = {
			isa = XCBuildConfiguration;
			buildSettings = {
				ASSETCATALOG_COMPILER_APPICON_NAME = AppIcon;
				ASSETCATALOG_COMPILER_GLOBAL_ACCENT_COLOR_NAME = AccentColor;
				CODE_SIGN_STYLE = Automatic;
				DEVELOPMENT_ASSET_PATHS = "\"Homework5Pokedex/Preview Content\"";
				ENABLE_PREVIEWS = YES;
				INFOPLIST_FILE = Homework5Pokedex/Info.plist;
				IPHONEOS_DEPLOYMENT_TARGET = 14.0;
				LD_RUNPATH_SEARCH_PATHS = (
					"$(inherited)",
					"@executable_path/Frameworks",
				);
				PRODUCT_BUNDLE_IDENTIFIER = com.ios.homework5.Homework5Pokedex;
				PRODUCT_NAME = "$(TARGET_NAME)";
				SWIFT_VERSION = 5.0;
				TARGETED_DEVICE_FAMILY = "1,2";
			};
			name = Debug;
		};
		5A53979925EF597B0034D4C0 /* Release */ = {
			isa = XCBuildConfiguration;
			buildSettings = {
				ASSETCATALOG_COMPILER_APPICON_NAME = AppIcon;
				ASSETCATALOG_COMPILER_GLOBAL_ACCENT_COLOR_NAME = AccentColor;
				CODE_SIGN_STYLE = Automatic;
				DEVELOPMENT_ASSET_PATHS = "\"Homework5Pokedex/Preview Content\"";
				ENABLE_PREVIEWS = YES;
				INFOPLIST_FILE = Homework5Pokedex/Info.plist;
				IPHONEOS_DEPLOYMENT_TARGET = 14.0;
				LD_RUNPATH_SEARCH_PATHS = (
					"$(inherited)",
					"@executable_path/Frameworks",
				);
				PRODUCT_BUNDLE_IDENTIFIER = com.ios.homework5.Homework5Pokedex;
				PRODUCT_NAME = "$(TARGET_NAME)";
				SWIFT_VERSION = 5.0;
				TARGETED_DEVICE_FAMILY = "1,2";
			};
			name = Release;
		};
		5A53979B25EF597B0034D4C0 /* Debug */ = {
			isa = XCBuildConfiguration;
			buildSettings = {
				ALWAYS_EMBED_SWIFT_STANDARD_LIBRARIES = YES;
				BUNDLE_LOADER = "$(TEST_HOST)";
				CODE_SIGN_STYLE = Automatic;
				INFOPLIST_FILE = Homework5PokedexTests/Info.plist;
				IPHONEOS_DEPLOYMENT_TARGET = 14.0;
				LD_RUNPATH_SEARCH_PATHS = (
					"$(inherited)",
					"@executable_path/Frameworks",
					"@loader_path/Frameworks",
				);
				PRODUCT_BUNDLE_IDENTIFIER = com.ios.homework5.Homework5PokedexTests;
				PRODUCT_NAME = "$(TARGET_NAME)";
				SWIFT_VERSION = 5.0;
				TARGETED_DEVICE_FAMILY = "1,2";
				TEST_HOST = "$(BUILT_PRODUCTS_DIR)/Homework5Pokedex.app/Homework5Pokedex";
			};
			name = Debug;
		};
		5A53979C25EF597B0034D4C0 /* Release */ = {
			isa = XCBuildConfiguration;
			buildSettings = {
				ALWAYS_EMBED_SWIFT_STANDARD_LIBRARIES = YES;
				BUNDLE_LOADER = "$(TEST_HOST)";
				CODE_SIGN_STYLE = Automatic;
				INFOPLIST_FILE = Homework5PokedexTests/Info.plist;
				IPHONEOS_DEPLOYMENT_TARGET = 14.0;
				LD_RUNPATH_SEARCH_PATHS = (
					"$(inherited)",
					"@executable_path/Frameworks",
					"@loader_path/Frameworks",
				);
				PRODUCT_BUNDLE_IDENTIFIER = com.ios.homework5.Homework5PokedexTests;
				PRODUCT_NAME = "$(TARGET_NAME)";
				SWIFT_VERSION = 5.0;
				TARGETED_DEVICE_FAMILY = "1,2";
				TEST_HOST = "$(BUILT_PRODUCTS_DIR)/Homework5Pokedex.app/Homework5Pokedex";
			};
			name = Release;
		};
		5A53979E25EF597B0034D4C0 /* Debug */ = {
			isa = XCBuildConfiguration;
			buildSettings = {
				ALWAYS_EMBED_SWIFT_STANDARD_LIBRARIES = YES;
				CODE_SIGN_STYLE = Automatic;
				INFOPLIST_FILE = Homework5PokedexUITests/Info.plist;
				LD_RUNPATH_SEARCH_PATHS = (
					"$(inherited)",
					"@executable_path/Frameworks",
					"@loader_path/Frameworks",
				);
				PRODUCT_BUNDLE_IDENTIFIER = com.ios.homework5.Homework5PokedexUITests;
				PRODUCT_NAME = "$(TARGET_NAME)";
				SWIFT_VERSION = 5.0;
				TARGETED_DEVICE_FAMILY = "1,2";
				TEST_TARGET_NAME = Homework5Pokedex;
			};
			name = Debug;
		};
		5A53979F25EF597B0034D4C0 /* Release */ = {
			isa = XCBuildConfiguration;
			buildSettings = {
				ALWAYS_EMBED_SWIFT_STANDARD_LIBRARIES = YES;
				CODE_SIGN_STYLE = Automatic;
				INFOPLIST_FILE = Homework5PokedexUITests/Info.plist;
				LD_RUNPATH_SEARCH_PATHS = (
					"$(inherited)",
					"@executable_path/Frameworks",
					"@loader_path/Frameworks",
				);
				PRODUCT_BUNDLE_IDENTIFIER = com.ios.homework5.Homework5PokedexUITests;
				PRODUCT_NAME = "$(TARGET_NAME)";
				SWIFT_VERSION = 5.0;
				TARGETED_DEVICE_FAMILY = "1,2";
				TEST_TARGET_NAME = Homework5Pokedex;
			};
			name = Release;
		};
/* End XCBuildConfiguration section */

/* Begin XCConfigurationList section */
		5A53976D25EF59780034D4C0 /* Build configuration list for PBXProject "Homework5Pokedex" */ = {
			isa = XCConfigurationList;
			buildConfigurations = (
				5A53979525EF597B0034D4C0 /* Debug */,
				5A53979625EF597B0034D4C0 /* Release */,
			);
			defaultConfigurationIsVisible = 0;
			defaultConfigurationName = Release;
		};
		5A53979725EF597B0034D4C0 /* Build configuration list for PBXNativeTarget "Homework5Pokedex" */ = {
			isa = XCConfigurationList;
			buildConfigurations = (
				5A53979825EF597B0034D4C0 /* Debug */,
				5A53979925EF597B0034D4C0 /* Release */,
			);
			defaultConfigurationIsVisible = 0;
			defaultConfigurationName = Release;
		};
		5A53979A25EF597B0034D4C0 /* Build configuration list for PBXNativeTarget "Homework5PokedexTests" */ = {
			isa = XCConfigurationList;
			buildConfigurations = (
				5A53979B25EF597B0034D4C0 /* Debug */,
				5A53979C25EF597B0034D4C0 /* Release */,
			);
			defaultConfigurationIsVisible = 0;
			defaultConfigurationName = Release;
		};
		5A53979D25EF597B0034D4C0 /* Build configuration list for PBXNativeTarget "Homework5PokedexUITests" */ = {
			isa = XCConfigurationList;
			buildConfigurations = (
				5A53979E25EF597B0034D4C0 /* Debug */,
				5A53979F25EF597B0034D4C0 /* Release */,
			);
			defaultConfigurationIsVisible = 0;
			defaultConfigurationName = Release;
		};
/* End XCConfigurationList section */
	};
	rootObject = 5A53976A25EF59780034D4C0 /* Project object */;
}
